github.com/coder/websocket v1.8.14 h1:9L0p0iKiNOibykf283eHkKUHHrpG7f65OE3BhhO7v9g=
github.com/coder/websocket v1.8.14/go.mod h1:NX3SzP+inril6yawo5CQXx8+fk145lPDC6pumgx0mVg=
github.com/coreos/go-oidc/v3 v3.17.0 h1:hWBGaQfbi0iVviX4ibC7bk8OKT5qNr4klBaCHVNvehc=
github.com/coreos/go-oidc/v3 v3.17.0/go.mod h1:wqPbKFrVnE90vty060SB40FCJ8fTHTxSwyXJqZH+sI8=
github.com/df-mc/go-nethernet v1.0.24 h1:6jL+e7MPywyCKUPCncUde2nMf8id5KdcahOSzS9PX4Y=
github.com/df-mc/go-nethernet v1.0.24/go.mod h1:SFH4cfiLRWUUNGMvQeaOjFfFX4eexTkIfBtp55vJNqY=
github.com/df-mc/go-playfab/v2 v2.0.2 h1:JqOsrpe0nt6Ni4V2JrdmOAhbBgTm7LBw1ppGXlmknhs=
github.com/df-mc/go-playfab/v2 v2.0.2/go.mod h1:CS3FV3tJlohvGQiX0IJiaYKOVNfy0p778B84oEVyxlw=
github.com/df-mc/go-xsapi/v2 v2.0.3 h1:fQLw4k15OinFhagWjbSj0BwQXeDUmY8a1J8yquEod3w=
github.com/df-mc/go-xsapi/v2 v2.0.3/go.mod h1:Gi/zQG2DFMJOMt4DIjuBuINTnU4YnZINe+RyFyza8oo=
github.com/df-mc/jsonc v1.0.5 h1:O7oh07kbS5AYY+l2Fji6l4h0iHcdjKbxCtK5VlZlLMU=
github.com/df-mc/jsonc v1.0.5/go.mod h1:+Q++JuCE9IKiP8v7sWImdf/RjQX0nfXyfX6PdfTTmc4=
github.com/go-gl/mathgl v1.1.0 h1:0lzZ+rntPX3/oGrDzYGdowSLC2ky8Osirvf5uAwfIEA=
github.com/go-gl/mathgl v1.1.0/go.mod h1:yhpkQzEiH9yPyxDUGzkmgScbaBVlhC06qodikEM0ZwQ=
github.com/go-jose/go-jose/v4 v4.1.4 h1:moDMcTHmvE6Groj34emNPLs/qtYXRVcd6S7NHbHz3kA=
github.com/go-jose/go-jose/v4 v4.1.4/go.mod h1:x4oUasVrzR7071A4TnHLGSPpNOm2a21K9Kf04k1rs08=
github.com/google/uuid v1.6.0 h1:NIvaJDMOsjHA8n1jAhLSgzrAzy1Hgr+hNrb57e+94F0=
github.com/google/uuid v1.6.0/go.mod h1:TIyPZe4MgqvfeYDBFedMoGGpEw/LqOeaOT+nhxU+yHo=
github.com/klauspost/compress v1.18.1 h1:bcSGx7UbpBqMChDtsF28Lw6v/G94LPrrbMbdC3JH2co=
github.com/klauspost/compress v1.18.1/go.mod h1:ZQFFVG+MdnR0P+l6wpXgIL4NTtwiKIdBnrBd8Nrxr+0=
github.com/pelletier/go-toml v1.9.5 h1:4yBQzkHv+7BHq2PQUZF3Mx0IYxG7LsP222s7Agd3ve8=
github.com/pelletier/go-toml v1.9.5/go.mod h1:u1nR/EPcESfeI/szUZKdtJ0xRNbUoANCkoOuaOx1Y+c=
github.com/pion/datachannel v1.6.3 h1:HZAYLpunVI0xi057ZiANl558d0uSpomcWw4UEPz3qXs=
github.com/pion/datachannel v1.6.3/go.mod h1:oRmkXVVXxkUbqa8MatgdNHW29kvtQY3HUdjJQsfv2GE=
github.com/pion/dtls/v3 v3.1.9 h1:rpeycmLIkc4krpk1IxP7+39o11QdCXbmV9+FGi9yZJ8=
github.com/pion/dtls/v3 v3.1.9/go.mod h1:iKFQNYrjsN2TiA2YKKMqB9MOZaFpjFULBI/A4sW0eyc=
github.com/pion/ice/v4 v4.4.4 h1:nPhqLkf8NoE9O8NBKd3Xo2NNc2PlBMdM07tWZ+IH/i8=
github.com/pion/ice/v4 v4.4.4/go.mod h1:vkrbLwF98P/DJuCKoAmOQY4FJ7dJPI5VcBFOO3kyYx0=
github.com/pion/interceptor v0.1.49 h1:iyBsNHRoLNNXZiJA/DdGvJgdyfS8YWDCzxIAlVjt5nY=
github.com/pion/interceptor v0.1.49/go.mod h1:MZ6PJkja/TCo350HAnBrs/rUIyad9mWjpcvytrf3ViQ=
github.com/pion/logging v0.2.4 h1:tTew+7cmQ+Mc1pTBLKH2puKsOvhm32dROumOZ655zB8=
github.com/pion/logging v0.2.4/go.mod h1:DffhXTKYdNZU+KtJ5pyQDjvOAh/GsNSyv1lbkFbe3so=
github.com/pion/mdns/v2 v2.2.1 h1:lQPWv6Mo5jG1sKwqkYgfeXGX7/seban4x7/j0n485/M=
github.com/pion/mdns/v2 v2.2.1/go.mod h1:ZX5f0AAH1D6TOjdjvcBORZZHaZuG0t9+br78lHEwiJ4=
github.com/pion/randutil v0.1.0 h1:CFG1UdESneORglEsnimhUjf33Rwjubwj6xfiOXBa3mA=
github.com/pion/randutil v0.1.0/go.mod h1:XcJrSMMbbMRhASFVOlj/5hQial/Y8oH/HVo7TBZq+j8=
github.com/pion/rtcp v1.2.17 h1:PxiT6L79yPZKtXIsXdG1eakBl6dtBj4x+4oVEL0DlSw=
github.com/pion/rtcp v1.2.17/go.mod h1:7kBpuBJaWwax4hzc/pgexY8vkOpvh8atgYDbaKZq0iU=
github.com/pion/rtp v1.10.5 h1:ip0HhO/wYZqQ4bKS+R99KnZh/GRCmIT0jDXikub7vlE=
github.com/pion/rtp v1.10.5/go.mod h1:Au8fc6cEByy8RLTwKTQTEeQqDB/SJDxwL4mZuxYA5Pk=
github.com/pion/sctp v1.11.3 h1:cFo/voNuKzdxEno6z96PWq/96xkAJeMB/eqB7GNfmlQ=
github.com/pion/sctp v1.11.3/go.mod h1:7v/MXGBROc8fu9g2TVwCXRasPISCMd3j8wSH+o45uCI=
github.com/pion/sdp/v3 v3.0.20 h1:TS6DViqcmp+49f0+mjw9anbr9xY3vJtsZewxAvlMCRQ=
github.com/pion/sdp/v3 v3.0.20/go.mod h1:slIMXDK5OKj0nhISwjfeN18AzTBCt2LYZq9uPw0cU5Q=
github.com/pion/srtp/v3 v3.1.0 h1:keugrBOxtvAv5Urf4lBMfso8OCAX3mm7Brdl26JSvik=
github.com/pion/srtp/v3 v3.1.0/go.mod h1:RlTlj08MtRReQiVm/PMmMFUDNjZkoKuKJMHkl9+M7a8=
github.com/pion/stun/v4 v4.0.1 h1:S2ggK4hsUJJKoZfpL90uIqIRTj6xJ0NOIEkXgcpQif0=
github.com/pion/stun/v4 v4.0.1/go.mod h1:byktbPA8U7HjJ2H8w3moP7nzq0Q+kYNulvMLPaubQL4=
github.com/pion/transport/v5 v5.0.1 h1:b+nvq08JigTwuCYOAGsRBOK6QsAZzBZasbBwXAckU0k=
github.com/pion/transport/v5 v5.0.1/go.mod h1:Qxw6fCEjFWQkRDZOhS4Vf+neJBcihauvA3uyEa1J1F0=
github.com/pion/turn/v5 v5.1.2 h1:acEOO+D5txJ52vKfcilmSMItfP23Q9K6pJ1LM5P2VV0=
github.com/pion/turn/v5 v5.1.2/go.mod h1:57Oadc8fHnac15VFyCd6nEaBTVZBxQe2POUMD4lsHRA=
github.com/pion/webrtc/v4 v4.2.21-0.20260920133716-91bfc6c2039f h1:0XfJb4bIZJ+8VLfy9SndYkQBXt50tUfAhwstTP33mko=
github.com/pion/webrtc/v4 v4.2.21-0.20260920133716-91bfc6c2039f/go.mod h1:NwZ4eel6nNSRuCuhqZYewBUqKCiw2v4BXDobw71KxF4=
github.com/sandertv/go-raknet v1.15.2-0.20260705184311-0d1fd09e2cf6 h1:Oj7QsiwWTOLmCpOjjmW0Qwde4BE8F5+Kjz817qzICyk=
github.com/sandertv/go-raknet v1.15.2-0.20260705184311-0d1fd09e2cf6/go.mod h1:/yysjwfCXm2+2OY8mBazLzcxJ3irnylKCyG3FLgUPVU=
github.com/stretchr/testify v1.12.1 h1:EuwCh5fleGS7H32xRwO3wRGT7DxrDhLAT6FF8MpWDWE=
github.com/stretchr/testify v1.12.1/go.mod h1:MDEgiDPPsNp5cuIrHPPCyornHKgEVbtFUmoNlxoYthg=
github.com/wlynxg/anet v0.0.5 h1:J3VJGi1gvo0JwZ/P1/Yc/8p63SoW98B5dHkYDmpgvvU=
github.com/wlynxg/anet v0.0.5/go.mod h1:eay5PRQr7fIVAMbTbchTnO9gG65Hg/uYGdc7mguHxoA=
go.yaml.in/yaml/v3 v3.0.5 h1:N6y/pJk8buWs9NY5ERU2HSMfm+IuD/OtfdAnq6kESPw=
go.yaml.in/yaml/v3 v3.0.5/go.mod h1:HVTZu1O7/Vkt2N+BFy8Zza+lnLsABggaTM2ZpNIGuKg=
golang.org/x/crypto v0.48.0 h1:/VRzVqiRSggnhY7gNRxPauEQ5Drw9haKdM0jqfcCFts=
golang.org/x/crypto v0.48.0/go.mod h1:r0kV5h3qnFPlQnBSrULhlsRfryS2pmewsg+XfMgkVos=
golang.org/x/exp v0.0.0-20240909161429-701f63a606c0 h1:e66Fs6Z+fZTbFBAxKfP3PALWBtpfqks2bwGcexMxgtk=
golang.org/x/exp v0.0.0-20240909161429-701f63a606c0/go.mod h1:2TbTHSBQa924w8M6Xs1QcRcFwyucIwBGpK1p2f1YFFY=
golang.org/x/image v0.0.0-20190321063152-3fc05d484e9f/go.mod h1:kZ7UVZpmo3dzQBMxlp+ypCbDeSB+sBbTgSJuh5dn5js=
golang.org/x/image v0.21.0 h1:c5qV36ajHpdj4Qi0GnE0jUc/yuo33OLFaa0d+crTD5s=
golang.org/x/image v0.21.0/go.mod h1:vUbsLavqK/W303ZroQQVKQ+Af3Yl6Uz1Ppu5J/cLz78=
golang.org/x/net v0.50.0 h1:ucWh9eiCGyDR3vtzso0WMQinm2Dnt8cFMuQa9K33J60=
golang.org/x/net v0.50.0/go.mod h1:UgoSli3F/pBgdJBHCTc+tp3gmrU4XswgGRgtnwWTfyM=
golang.org/x/oauth2 v0.36.0 h1:peZ/1z27fi9hUOFCAZaHyrpWG5lwe0RJEEEeH0ThlIs=
golang.org/x/oauth2 v0.36.0/go.mod h1:YDBUJMTkDnJS+A4BP4eZBjCqtokkg1hODuPjwiGPO7Q=
golang.org/x/sys v0.41.0 h1:Ivj+2Cp/ylzLiEU89QhWblYnOE9zerudt9Ftecq2C6k=
golang.org/x/sys v0.41.0/go.mod h1:OgkHotnGiDImocRcuBABYBEXf8A9a87e/uXjp9XT3ks=
golang.org/x/term v0.40.0 h1:36e4zGLqU4yhjlmxEaagx2KuYbJq3EwY8K943ZsHcvg=
golang.org/x/term v0.40.0/go.mod h1:w2P8uVp06p2iyKKuvXIm7N/y0UCRt3UfJTfZ7oOpglM=
golang.org/x/text v0.3.0/go.mod h1:NqM8EUOU14njkJ3fqMW+pc6Ldnwhi/IjpwHt7yyuwOQ=
golang.org/x/text v0.34.0 h1:oL/Qq0Kdaqxa1KbNeMKwQq0reLCCaFtqu2eNuSeNHbk=
golang.org/x/text v0.34.0/go.mod h1:homfLqTYRFyVYemLBFl5GgL/DWEiH5wcsQ5gSh1yziA=
golang.org/x/time v0.14.0 h1:MRx4UaLrDotUKUdCIqzPC48t1Y9hANFKIRpNx+Te8PI=
golang.org/x/time v0.14.0/go.mod h1:eL/Oa2bBBK0TkX57Fyni+NgnyQQN4LitPmob2Hjnqw4=
